
Microsoft Visual Studio Solution File, Format Version 12.00
# Visual Studio Version 17
VisualStudioVersion = 17.5.2.0
MinimumVisualStudioVersion = 10.0.40219.1
Project("{FAE04EC0-301F-11D3-BF4B-00C04F79EFBC}") = "ProductAPI", "ProductAPI\ProductAPI.csproj", "{E962D6F7-FF83-9B7F-B7BE-F24219127C2F}"
EndProject
Project("{FAE04EC0-301F-11D3-BF4B-00C04F79EFBC}") = "CouponAPI", "CouponAPI\CouponAPI.csproj", "{0465DCB4-4620-48BE-B4AE-8138A441584C}"
EndProject
Project("{FAE04EC0-301F-11D3-BF4B-00C04F79EFBC}") = "CartAPI", "CartAPI\CartAPI.csproj", "{2B26ED4F-1C40-40FF-9CED-413352D15007}"
EndProject
Project("{FAE04EC0-301F-11D3-BF4B-00C04F79EFBC}") = "OrderAPI", "OrderAPI\OrderAPI.csproj", "{2011A472-BDFA-4169-B9C9-2EBF57CF7E53}"
EndProject
Project("{FAE04EC0-301F-11D3-BF4B-00C04F79EFBC}") = "PaymentAPI", "PaymentAPI\PaymentAPI.csproj", "{446F46B9-A3B0-4297-A982-FBB6AE68AEB9}"
EndProject
Project("{FAE04EC0-301F-11D3-BF4B-00C04F79EFBC}") = "Frontend", "Frontend\Frontend.csproj", "{8154CF34-60BA-498D-8A2B-98D0147244BF}"
EndProject
Project("{FAE04EC0-301F-11D3-BF4B-00C04F79EFBC}") = "PaymentProcessor", "PaymentProcessor\PaymentProcessor.csproj", "{8798E006-40A3-44AE-9E3F-ECA1A6AD91F5}"
EndProject
Project("{FAE04EC0-301F-11D3-BF4B-00C04F79EFBC}") = "Email", "Email\Email.csproj", "{906C64F3-761E-41D4-85CA-0AE2740625E7}"
EndProject
Project("{FAE04EC0-301F-11D3-BF4B-00C04F79EFBC}") = "APIGateway", "APIGateway\APIGateway.csproj", "{1B6DD78E-5A14-4C07-A731-C1A8F0294D06}"
EndProject
Global
	GlobalSection(SolutionConfigurationPlatforms) = preSolution
		Debug|Any CPU = Debug|Any CPU
		Debug|x64 = Debug|x64
		Debug|x86 = Debug|x86
		Release|Any CPU = Release|Any CPU
		Release|x64 = Release|x64
		Release|x86 = Release|x86
	EndGlobalSection
	GlobalSection(ProjectConfigurationPlatforms) = postSolution
		{E962D6F7-FF83-9B7F-B7BE-F24219127C2F}.Debug|Any CPU.ActiveCfg = Debug|Any CPU
		{E962D6F7-FF83-9B7F-B7BE-F24219127C2F}.Debug|Any CPU.Build.0 = Debug|Any CPU
		{E962D6F7-FF83-9B7F-B7BE-F24219127C2F}.Debug|x64.ActiveCfg = Debug|Any CPU
		{E962D6F7-FF83-9B7F-B7BE-F24219127C2F}.Debug|x64.Build.0 = Debug|Any CPU
		{E962D6F7-FF83-9B7F-B7BE-F24219127C2F}.Debug|x86.ActiveCfg = Debug|Any CPU
		{E962D6F7-FF83-9B7F-B7BE-F24219127C2F}.Debug|x86.Build.0 = Debug|Any CPU
		{E962D6F7-FF83-9B7F-B7BE-F24219127C2F}.Release|Any CPU.ActiveCfg = Release|Any CPU
		{E962D6F7-FF83-9B7F-B7BE-F24219127C2F}.Release|Any CPU.Build.0 = Release|Any CPU
		{E962D6F7-FF83-9B7F-B7BE-F24219127C2F}.Release|x64.ActiveCfg = Release|Any CPU
		{E962D6F7-FF83-9B7F-B7BE-F24219127C2F}.Release|x64.Build.0 = Release|Any CPU
		{E962D6F7-FF83-9B7F-B7BE-F24219127C2F}.Release|x86.ActiveCfg = Release|Any CPU
		{E962D6F7-FF83-9B7F-B7BE-F24219127C2F}.Release|x86.Build.0 = Release|Any CPU
		{0465DCB4-4620-48BE-B4AE-8138A441584C}.Debug|Any CPU.ActiveCfg = Debug|Any CPU
		{0465DCB4-4620-48BE-B4AE-8138A441584C}.Debug|Any CPU.Build.0 = Debug|Any CPU
		{0465DCB4-4620-48BE-B4AE-8138A441584C}.Debug|x64.ActiveCfg = Debug|Any CPU
		{0465DCB4-4620-48BE-B4AE-8138A441584C}.Debug|x64.Build.0 = Debug|Any CPU
		{0465DCB4-4620-48BE-B4AE-8138A441584C}.Debug|x86.ActiveCfg = Debug|Any CPU
		{0465DCB4-4620-48BE-B4AE-8138A441584C}.Debug|x86.Build.0 = Debug|Any CPU
		{0465DCB4-4620-48BE-B4AE-8138A441584C}.Release|Any CPU.ActiveCfg = Release|Any CPU
		{0465DCB4-4620-48BE-B4AE-8138A441584C}.Release|Any CPU.Build.0 = Release|Any CPU
		{0465DCB4-4620-48BE-B4AE-8138A441584C}.Release|x64.ActiveCfg = Release|Any CPU
		{0465DCB4-4620-48BE-B4AE-8138A441584C}.Release|x64.Build.0 = Release|Any CPU
		{0465DCB4-4620-48BE-B4AE-8138A441584C}.Release|x86.ActiveCfg = Release|Any CPU
		{0465DCB4-4620-48BE-B4AE-8138A441584C}.Release|x86.Build.0 = Release|Any CPU
		{2B26ED4F-1C40-40FF-9CED-413352D15007}.Debug|Any CPU.ActiveCfg = Debug|Any CPU
		{2B26ED4F-1C40-40FF-9CED-413352D15007}.Debug|Any CPU.Build.0 = Debug|Any CPU
		{2B26ED4F-1C40-40FF-9CED-413352D15007}.Debug|x64.ActiveCfg = Debug|Any CPU
		{2B26ED4F-1C40-40FF-9CED-413352D15007}.Debug|x64.Build.0 = Debug|Any CPU
		{2B26ED4F-1C40-40FF-9CED-413352D15007}.Debug|x86.ActiveCfg = Debug|Any CPU
		{2B26ED4F-1C40-40FF-9CED-413352D15007}.Debug|x86.Build.0 = Debug|Any CPU
		{2B26ED4F-1C40-40FF-9CED-413352D15007}.Release|Any CPU.ActiveCfg = Release|Any CPU
		{2B26ED4F-1C40-40FF-9CED-413352D15007}.Release|Any CPU.Build.0 = Release|Any CPU
		{2B26ED4F-1C40-40FF-9CED-413352D15007}.Release|x64.ActiveCfg = Release|Any CPU
		{2B26ED4F-1C40-40FF-9CED-413352D15007}.Release|x64.Build.0 = Release|Any CPU
		{2B26ED4F-1C40-40FF-9CED-413352D15007}.Release|x86.ActiveCfg = Release|Any CPU
		{2B26ED4F-1C40-40FF-9CED-413352D15007}.Release|x86.Build.0 = Release|Any CPU
		{2011A472-BDFA-4169-B9C9-2EBF57CF7E53}.Debug|Any CPU.ActiveCfg = Debug|Any CPU
		{2011A472-BDFA-4169-B9C9-2EBF57CF7E53}.Debug|Any CPU.Build.0 = Debug|Any CPU
		{2011A472-BDFA-4169-B9C9-2EBF57CF7E53}.Debug|x64.ActiveCfg = Debug|Any CPU
		{2011A472-BDFA-4169-B9C9-2EBF57CF7E53}.Debug|x64.Build.0 = Debug|Any CPU
		{2011A472-BDFA-4169-B9C9-2EBF57CF7E53}.Debug|x86.ActiveCfg = Debug|Any CPU
		{2011A472-BDFA-4169-B9C9-2EBF57CF7E53}.Debug|x86.Build.0 = Debug|Any CPU
		{2011A472-BDFA-4169-B9C9-2EBF57CF7E53}.Release|Any CPU.ActiveCfg = Release|Any CPU
		{2011A472-BDFA-4169-B9C9-2EBF57CF7E53}.Release|Any CPU.Build.0 = Release|Any CPU
		{2011A472-BDFA-4169-B9C9-2EBF57CF7E53}.Release|x64.ActiveCfg = Release|Any CPU
		{2011A472-BDFA-4169-B9C9-2EBF57CF7E53}.Release|x64.Build.0 = Release|Any CPU
		{2011A472-BDFA-4169-B9C9-2EBF57CF7E53}.Release|x86.ActiveCfg = Release|Any CPU
		{2011A472-BDFA-4169-B9C9-2EBF57CF7E53}.Release|x86.Build.0 = Release|Any CPU
		{446F46B9-A3B0-4297-A982-FBB6AE68AEB9}.Debug|Any CPU.ActiveCfg = Debug|Any CPU
		{446F46B9-A3B0-4297-A982-FBB6AE68AEB9}.Debug|Any CPU.Build.0 = Debug|Any CPU
		{446F46B9-A3B0-4297-A982-FBB6AE68AEB9}.Debug|x64.ActiveCfg = Debug|Any CPU
		{446F46B9-A3B0-4297-A982-FBB6AE68AEB9}.Debug|x64.Build.0 = Debug|Any CPU
		{446F46B9-A3B0-4297-A982-FBB6AE68AEB9}.Debug|x86.ActiveCfg = Debug|Any CPU
		{446F46B9-A3B0-4297-A982-FBB6AE68AEB9}.Debug|x86.Build.0 = Debug|Any CPU
		{446F46B9-A3B0-4297-A982-FBB6AE68AEB9}.Release|Any CPU.ActiveCfg = Release|Any CPU
		{446F46B9-A3B0-4297-A982-FBB6AE68AEB9}.Release|Any CPU.Build.0 = Release|Any CPU
		{446F46B9-A3B0-4297-A982-FBB6AE68AEB9}.Release|x64.ActiveCfg = Release|Any CPU
		{446F46B9-A3B0-4297-A982-FBB6AE68AEB9}.Release|x64.Build.0 = Release|Any CPU
		{446F46B9-A3B0-4297-A982-FBB6AE68AEB9}.Release|x86.ActiveCfg = Release|Any CPU
		{446F46B9-A3B0-4297-A982-FBB6AE68AEB9}.Release|x86.Build.0 = Release|Any CPU
		{8154CF34-60BA-498D-8A2B-98D0147244BF}.Debug|Any CPU.ActiveCfg = Debug|Any CPU
		{8154CF34-60BA-498D-8A2B-98D0147244BF}.Debug|Any CPU.Build.0 = Debug|Any CPU
		{8154CF34-60BA-498D-8A2B-98D0147244BF}.Debug|x64.ActiveCfg = Debug|Any CPU
		{8154CF34-60BA-498D-8A2B-98D0147244BF}.Debug|x64.Build.0 = Debug|Any CPU
		{8154CF34-60BA-498D-8A2B-98D0147244BF}.Debug|x86.ActiveCfg = Debug|Any CPU
		{8154CF34-60BA-498D-8A2B-98D0147244BF}.Debug|x86.Build.0 = Debug|Any CPU
		{8154CF34-60BA-498D-8A2B-98D0147244BF}.Release|Any CPU.ActiveCfg = Release|Any CPU
		{8154CF34-60BA-498D-8A2B-98D0147244BF}.Release|Any CPU.Build.0 = Release|Any CPU
		{8154CF34-60BA-498D-8A2B-98D0147244BF}.Release|x64.ActiveCfg = Release|Any CPU
		{8154CF34-60BA-498D-8A2B-98D0147244BF}.Release|x64.Build.0 = Release|Any CPU
		{8154CF34-60BA-498D-8A2B-98D0147244BF}.Release|x86.ActiveCfg = Release|Any CPU
		{8154CF34-60BA-498D-8A2B-98D0147244BF}.Release|x86.Build.0 = Release|Any CPU
		{8798E006-40A3-44AE-9E3F-ECA1A6AD91F5}.Debug|Any CPU.ActiveCfg = Debug|Any CPU
		{8798E006-40A3-44AE-9E3F-ECA1A6AD91F5}.Debug|Any CPU.Build.0 = Debug|Any CPU
		{8798E006-40A3-44AE-9E3F-ECA1A6AD91F5}.Debug|x64.ActiveCfg = Debug|Any CPU
		{8798E006-40A3-44AE-9E3F-ECA1A6AD91F5}.Debug|x64.Build.0 = Debug|Any CPU
		{8798E006-40A3-44AE-9E3F-ECA1A6AD91F5}.Debug|x86.ActiveCfg = Debug|Any CPU
		{8798E006-40A3-44AE-9E3F-ECA1A6AD91F5}.Debug|x86.Build.0 = Debug|Any CPU
		{8798E006-40A3-44AE-9E3F-ECA1A6AD91F5}.Release|Any CPU.ActiveCfg = Release|Any CPU
		{8798E006-40A3-44AE-9E3F-ECA1A6AD91F5}.Release|Any CPU.Build.0 = Release|Any CPU
		{8798E006-40A3-44AE-9E3F-ECA1A6AD91F5}.Release|x64.ActiveCfg = Release|Any CPU
		{8798E006-40A3-44AE-9E3F-ECA1A6AD91F5}.Release|x64.Build.0 = Release|Any CPU
		{8798E006-40A3-44AE-9E3F-ECA1A6AD91F5}.Release|x86.ActiveCfg = Release|Any CPU
		{8798E006-40A3-44AE-9E3F-ECA1A6AD91F5}.Release|x86.Build.0 = Release|Any CPU
		{906C64F3-761E-41D4-85CA-0AE2740625E7}.Debug|Any CPU.ActiveCfg = Debug|Any CPU
		{906C64F3-761E-41D4-85CA-0AE2740625E7}.Debug|Any CPU.Build.0 = Debug|Any CPU
		{906C64F3-761E-41D4-85CA-0AE2740625E7}.Debug|x64.ActiveCfg = Debug|Any CPU
		{906C64F3-761E-41D4-85CA-0AE2740625E7}.Debug|x64.Build.0 = Debug|Any CPU
		{906C64F3-761E-41D4-85CA-0AE2740625E7}.Debug|x86.ActiveCfg = Debug|Any CPU
		{906C64F3-761E-41D4-85CA-0AE2740625E7}.Debug|x86.Build.0 = Debug|Any CPU
		{906C64F3-761E-41D4-85CA-0AE2740625E7}.Release|Any CPU.ActiveCfg = Release|Any CPU
		{906C64F3-761E-41D4-85CA-0AE2740625E7}.Release|Any CPU.Build.0 = Release|Any CPU
		{906C64F3-761E-41D4-85CA-0AE2740625E7}.Release|x64.ActiveCfg = Release|Any CPU
		{906C64F3-761E-41D4-85CA-0AE2740625E7}.Release|x64.Build.0 = Release|Any CPU
		{906C64F3-761E-41D4-85CA-0AE2740625E7}.Release|x86.ActiveCfg = Release|Any CPU
		{906C64F3-761E-41D4-85CA-0AE2740625E7}.Release|x86.Build.0 = Release|Any CPU
		{1B6DD78E-5A14-4C07-A731-C1A8F0294D06}.Debug|Any CPU.ActiveCfg = Debug|Any CPU
		{1B6DD78E-5A14-4C07-A731-C1A8F0294D06}.Debug|Any CPU.Build.0 = Debug|Any CPU
		{1B6DD78E-5A14-4C07-A731-C1A8F0294D06}.Debug|x64.ActiveCfg = Debug|Any CPU
		{1B6DD78E-5A14-4C07-A731-C1A8F0294D06}.Debug|x64.Build.0 = Debug|Any CPU
		{1B6DD78E-5A14-4C07-A731-C1A8F0294D06}.Debug|x86.ActiveCfg = Debug|Any CPU
		{1B6DD78E-5A14-4C07-A731-C1A8F0294D06}.Debug|x86.Build.0 = Debug|Any CPU
		{1B6DD78E-5A14-4C07-A731-C1A8F0294D06}.Release|Any CPU.ActiveCfg = Release|Any CPU
		{1B6DD78E-5A14-4C07-A731-C1A8F0294D06}.Release|Any CPU.Build.0 = Release|Any CPU
		{1B6DD78E-5A14-4C07-A731-C1A8F0294D06}.Release|x64.ActiveCfg = Release|Any CPU
		{1B6DD78E-5A14-4C07-A731-C1A8F0294D06}.Release|x64.Build.0 = Release|Any CPU
		{1B6DD78E-5A14-4C07-A731-C1A8F0294D06}.Release|x86.ActiveCfg = Release|Any CPU
		{1B6DD78E-5A14-4C07-A731-C1A8F0294D06}.Release|x86.Build.0 = Release|Any CPU
	EndGlobalSection
	GlobalSection(SolutionProperties) = preSolution
		HideSolutionNode = FALSE
	EndGlobalSection
	GlobalSection(ExtensibilityGlobals) = postSolution
		SolutionGuid = {42942F8C-FD70-4ED6-BA22-A063C0351372}
	EndGlobalSection
EndGlobal
